{
  "pins" : [
    {
      "identity" : "core-sdk-ios",
      "kind" : "remoteSourceControl",
      "location" : "https://github.com/brankas/core-sdk-ios",
      "state" : {
        "branch" : "master",
        "revision" : "4a7d49f7aa04499a0947f78990e38898d2915089"
      }
    }
  ],
  "version" : 2
}
