{
  "pins" : [
    {
      "identity" : "core-sdk-ios",
      "kind" : "remoteSourceControl",
      "location" : "https://github.com/brankas/core-sdk-ios",
      "state" : {
        "branch" : "master",
        "revision" : "3f6e044d64946a54dec7a4d266bb9eb11b26ff7b"
      }
    }
  ],
  "version" : 2
}
