{
  "pins" : [
    {
      "identity" : "core-sdk-ios",
      "kind" : "remoteSourceControl",
      "location" : "https://github.com/brankas/core-sdk-ios",
      "state" : {
        "branch" : "master",
        "revision" : "4670788283a818266d92ed2fe3f8b5ce10b9462f"
      }
    }
  ],
  "version" : 2
}
